
Microsoft Visual Studio Solution File, Format Version 12.00
# Visual Studio 15
VisualStudioVersion = 15.0.28307.168
MinimumVisualStudioVersion = 10.0.40219.1
Project("{FAE04EC0-301F-11D3-BF4B-00C04F79EFBC}") = "ComboBox", "ComboBox\ComboBox.csproj", "{A317EB1E-B5E2-4D6E-875C-280E42A6CC1D}"
EndProject
Global
	GlobalSection(SolutionConfigurationPlatforms) = preSolution
		Debug|Any CPU = Debug|Any CPU
		Release|Any CPU = Release|Any CPU
	EndGlobalSection
	GlobalSection(ProjectConfigurationPlatforms) = postSolution
		{A317EB1E-B5E2-4D6E-875C-280E42A6CC1D}.Debug|Any CPU.ActiveCfg = Debug|Any CPU
		{A317EB1E-B5E2-4D6E-875C-280E42A6CC1D}.Debug|Any CPU.Build.0 = Debug|Any CPU
		{A317EB1E-B5E2-4D6E-875C-280E42A6CC1D}.Release|Any CPU.ActiveCfg = Release|Any CPU
		{A317EB1E-B5E2-4D6E-875C-280E42A6CC1D}.Release|Any CPU.Build.0 = Release|Any CPU
	EndGlobalSection
	GlobalSection(SolutionProperties) = preSolution
		HideSolutionNode = FALSE
	EndGlobalSection
	GlobalSection(ExtensibilityGlobals) = postSolution
		SolutionGuid = {D933103E-B832-4EEC-9C14-F82CED9CBBB6}
	EndGlobalSection
EndGlobal
