
Microsoft Visual Studio Solution File, Format Version 12.00
# Visual Studio 15
VisualStudioVersion = 15.0.28307.779
MinimumVisualStudioVersion = 10.0.40219.1
Project("{FAE04EC0-301F-11D3-BF4B-00C04F79EFBC}") = "Bai8WF", "Bai8WF\Bai8WF.csproj", "{C4C1C555-9FCF-4C5F-B886-B099D5787322}"
EndProject
Global
	GlobalSection(SolutionConfigurationPlatforms) = preSolution
		Debug|Any CPU = Debug|Any CPU
		Release|Any CPU = Release|Any CPU
	EndGlobalSection
	GlobalSection(ProjectConfigurationPlatforms) = postSolution
		{C4C1C555-9FCF-4C5F-B886-B099D5787322}.Debug|Any CPU.ActiveCfg = Debug|Any CPU
		{C4C1C555-9FCF-4C5F-B886-B099D5787322}.Debug|Any CPU.Build.0 = Debug|Any CPU
		{C4C1C555-9FCF-4C5F-B886-B099D5787322}.Release|Any CPU.ActiveCfg = Release|Any CPU
		{C4C1C555-9FCF-4C5F-B886-B099D5787322}.Release|Any CPU.Build.0 = Release|Any CPU
	EndGlobalSection
	GlobalSection(SolutionProperties) = preSolution
		HideSolutionNode = FALSE
	EndGlobalSection
	GlobalSection(ExtensibilityGlobals) = postSolution
		SolutionGuid = {51B761FF-88D9-4915-9C51-5674A259B9D5}
	EndGlobalSection
EndGlobal
