
Microsoft Visual Studio Solution File, Format Version 12.00
# Visual Studio 15
VisualStudioVersion = 15.0.28307.779
MinimumVisualStudioVersion = 10.0.40219.1
Project("{FAE04EC0-301F-11D3-BF4B-00C04F79EFBC}") = "ThucHanh1_Bai3", "ThucHanh1_Bai3\ThucHanh1_Bai3.csproj", "{810FFE64-FDB4-48E3-AF42-962299E38E74}"
EndProject
Global
	GlobalSection(SolutionConfigurationPlatforms) = preSolution
		Debug|Any CPU = Debug|Any CPU
		Release|Any CPU = Release|Any CPU
	EndGlobalSection
	GlobalSection(ProjectConfigurationPlatforms) = postSolution
		{810FFE64-FDB4-48E3-AF42-962299E38E74}.Debug|Any CPU.ActiveCfg = Debug|Any CPU
		{810FFE64-FDB4-48E3-AF42-962299E38E74}.Debug|Any CPU.Build.0 = Debug|Any CPU
		{810FFE64-FDB4-48E3-AF42-962299E38E74}.Release|Any CPU.ActiveCfg = Release|Any CPU
		{810FFE64-FDB4-48E3-AF42-962299E38E74}.Release|Any CPU.Build.0 = Release|Any CPU
	EndGlobalSection
	GlobalSection(SolutionProperties) = preSolution
		HideSolutionNode = FALSE
	EndGlobalSection
	GlobalSection(ExtensibilityGlobals) = postSolution
		SolutionGuid = {699FB48C-49DA-4539-B349-2E3B0BBB4497}
	EndGlobalSection
EndGlobal
