
Microsoft Visual Studio Solution File, Format Version 12.00
# Visual Studio 15
VisualStudioVersion = 15.0.28307.779
MinimumVisualStudioVersion = 10.0.40219.1
Project("{FAE04EC0-301F-11D3-BF4B-00C04F79EFBC}") = "Bai7WF", "Bai7WF\Bai7WF.csproj", "{27E99860-D22F-447E-A4E5-074B3E613939}"
EndProject
Global
	GlobalSection(SolutionConfigurationPlatforms) = preSolution
		Debug|Any CPU = Debug|Any CPU
		Release|Any CPU = Release|Any CPU
	EndGlobalSection
	GlobalSection(ProjectConfigurationPlatforms) = postSolution
		{27E99860-D22F-447E-A4E5-074B3E613939}.Debug|Any CPU.ActiveCfg = Debug|Any CPU
		{27E99860-D22F-447E-A4E5-074B3E613939}.Debug|Any CPU.Build.0 = Debug|Any CPU
		{27E99860-D22F-447E-A4E5-074B3E613939}.Release|Any CPU.ActiveCfg = Release|Any CPU
		{27E99860-D22F-447E-A4E5-074B3E613939}.Release|Any CPU.Build.0 = Release|Any CPU
	EndGlobalSection
	GlobalSection(SolutionProperties) = preSolution
		HideSolutionNode = FALSE
	EndGlobalSection
	GlobalSection(ExtensibilityGlobals) = postSolution
		SolutionGuid = {C212F4D5-413C-431D-BD8E-3F150C3A0A8F}
	EndGlobalSection
EndGlobal
